
Microsoft Visual Studio Solution File, Format Version 12.00
# Visual Studio Express 2013 for Web
VisualStudioVersion = 12.0.30219.0
MinimumVisualStudioVersion = 10.0.40219.1
Project("{FAE04EC0-301F-11D3-BF4B-00C04F79EFBC}") = "TweetleDee", "TweetleDee\TweetleDee.csproj", "{7A287B57-EDDD-4B95-AB4C-95798018665E}"
EndProject
Global
	GlobalSection(SolutionConfigurationPlatforms) = preSolution
		Debug|Any CPU = Debug|Any CPU
		Release|Any CPU = Release|Any CPU
	EndGlobalSection
	GlobalSection(ProjectConfigurationPlatforms) = postSolution
		{7A287B57-EDDD-4B95-AB4C-95798018665E}.Debug|Any CPU.ActiveCfg = Debug|Any CPU
		{7A287B57-EDDD-4B95-AB4C-95798018665E}.Debug|Any CPU.Build.0 = Debug|Any CPU
		{7A287B57-EDDD-4B95-AB4C-95798018665E}.Release|Any CPU.ActiveCfg = Release|Any CPU
		{7A287B57-EDDD-4B95-AB4C-95798018665E}.Release|Any CPU.Build.0 = Release|Any CPU
	EndGlobalSection
	GlobalSection(SolutionProperties) = preSolution
		HideSolutionNode = FALSE
	EndGlobalSection
EndGlobal
